<?xml version="1.0" encoding="UTF-8" standalone="yes" ?>
<CodeBlocks_project_file>
	<FileVersion major="1" minor="6" />
	<Project>
		<Option title="CppAPI" />
		<Option pch_mode="2" />
		<Option compiler="gcc" />
		<Build>
			<Target title="Debug Win32">
				<Option output="../Debug/CppAPI" prefix_auto="1" extension_auto="1" />
				<Option working_dir="" />
				<Option type="2" />
				<Option compiler="gcc" />
				<Option createDefFile="1" />
				<Compiler>
					<Add option="-DWIN32" />
					<Add option="-D_DEBUG" />
				</Compiler>
				<Linker>
					<Add directory="../lib/Debug/" />
				</Linker>
			</Target>
			<Target title="Release Win32">
				<Option output="../Release/CppAPI" prefix_auto="1" extension_auto="1" />
				<Option working_dir="" />
				<Option type="2" />
				<Option compiler="gcc" />
				<Option createDefFile="1" />
				<Compiler>
					<Add option="-DWIN32" />
					<Add option="-DNDEBUG" />
				</Compiler>
				<Linker>
					<Add directory="../lib/Release/" />
				</Linker>
			</Target>
		</Build>
		<Compiler>
			<Add option="-std=c++11" />
			<Add directory="../../CppUtils/Utils/src" />
		</Compiler>
		<Unit filename="src/text_to_speech.h" />
		<Unit filename="src/unix/text_to_speech.cpp" />
		<Unit filename="src/unix/text_to_speech.h" />
		<Unit filename="src/unix/voice_recognition.cpp" />
		<Unit filename="src/unix/voice_recognition.h" />
		<Unit filename="src/voice_recognition.h" />
		<Unit filename="src/windows/helpers/ComHelper.cpp" />
		<Unit filename="src/windows/helpers/ComHelper.h" />
		<Unit filename="src/windows/text_to_speech.cpp" />
		<Unit filename="src/windows/text_to_speech.h" />
		<Unit filename="src/windows/voice_recognition.cpp" />
		<Unit filename="src/windows/voice_recognition.h" />
		<Extensions>
			<code_completion />
			<envvars />
			<debugger />
		</Extensions>
	</Project>
</CodeBlocks_project_file>
