<?xml version="1.0" encoding="UTF-8" standalone="yes" ?>
<CodeBlocks_project_file>
	<FileVersion major="1" minor="6" />
	<Project>
		<Option title="CppAPI" />
		<Option pch_mode="2" />
		<Option compiler="gcc" />
		<Build>
			<Target title="Debug Win32">
				<Option output="libCppAPI" prefix_auto="1" extension_auto="1" />
				<Option working_dir="" />
				<Option type="2" />
				<Option compiler="msvc10" />
				<Option createDefFile="1" />
				<Compiler>
					<Add option="-DWIN32" />
					<Add option="-D_DEBUG" />
					<Add option="-D_CONSOLE" />
					<Add directory="../../CppUtils/Utils/src" />
					<Add directory="$(IncludePath)" />
				</Compiler>
			</Target>
			<Target title="Release Win32">
				<Option output="CppAPI" prefix_auto="1" extension_auto="1" />
				<Option working_dir="" />
				<Option type="2" />
				<Option compiler="gcc" />
				<Option createDefFile="1" />
				<Compiler>
					<Add option="-DWIN32" />
					<Add option="-DNDEBUG" />
					<Add option="-D_CONSOLE" />
					<Add directory="../../CppUtils/Utils/src" />
					<Add directory="$(IncludePath)" />
				</Compiler>
			</Target>
		</Build>
		<Unit filename="src/helpers/ComHelper.cpp" />
		<Unit filename="src/helpers/ComHelper.h" />
		<Unit filename="src/text_to_speech.cpp" />
		<Unit filename="src/text_to_speech.h" />
		<Unit filename="src/voice_recognition.cpp" />
		<Unit filename="src/voice_recognition.h" />
		<Extensions>
			<code_completion />
			<envvars />
			<debugger />
		</Extensions>
	</Project>
</CodeBlocks_project_file>
